
Microsoft Visual Studio Solution File, Format Version 12.00
# Visual Studio Version 17
VisualStudioVersion = 17.14.37111.16 d17.14
MinimumVisualStudioVersion = 10.0.40219.1
Project("{FAE04EC0-301F-11D3-BF4B-00C04F79EFBC}") = "Album_copa_do_mundo", "Album_copa_do_mundo\Album_copa_do_mundo.csproj", "{57C910CF-E6C2-489D-A456-F9BF34871AAD}"
EndProject
Global
	GlobalSection(SolutionConfigurationPlatforms) = preSolution
		Debug|Any CPU = Debug|Any CPU
		Release|Any CPU = Release|Any CPU
	EndGlobalSection
	GlobalSection(ProjectConfigurationPlatforms) = postSolution
		{57C910CF-E6C2-489D-A456-F9BF34871AAD}.Debug|Any CPU.ActiveCfg = Debug|Any CPU
		{57C910CF-E6C2-489D-A456-F9BF34871AAD}.Debug|Any CPU.Build.0 = Debug|Any CPU
		{57C910CF-E6C2-489D-A456-F9BF34871AAD}.Release|Any CPU.ActiveCfg = Release|Any CPU
		{57C910CF-E6C2-489D-A456-F9BF34871AAD}.Release|Any CPU.Build.0 = Release|Any CPU
	EndGlobalSection
	GlobalSection(SolutionProperties) = preSolution
		HideSolutionNode = FALSE
	EndGlobalSection
	GlobalSection(ExtensibilityGlobals) = postSolution
		SolutionGuid = {FE0C6E1C-7843-48BD-AE72-27B0A503AA98}
	EndGlobalSection
EndGlobal
