
Microsoft Visual Studio Solution File, Format Version 12.00
# Visual Studio Version 17
VisualStudioVersion = 17.14.37012.4 d17.14
MinimumVisualStudioVersion = 10.0.40219.1
Project("{FAE04EC0-301F-11D3-BF4B-00C04F79EFBC}") = "App_Copa", "App_Copa.csproj", "{F1602506-B88E-4D5D-AB03-7FBB15EDA16D}"
EndProject
Global
	GlobalSection(SolutionConfigurationPlatforms) = preSolution
		Debug|Any CPU = Debug|Any CPU
		Release|Any CPU = Release|Any CPU
	EndGlobalSection
	GlobalSection(ProjectConfigurationPlatforms) = postSolution
		{F1602506-B88E-4D5D-AB03-7FBB15EDA16D}.Debug|Any CPU.ActiveCfg = Debug|Any CPU
		{F1602506-B88E-4D5D-AB03-7FBB15EDA16D}.Debug|Any CPU.Build.0 = Debug|Any CPU
		{F1602506-B88E-4D5D-AB03-7FBB15EDA16D}.Release|Any CPU.ActiveCfg = Release|Any CPU
		{F1602506-B88E-4D5D-AB03-7FBB15EDA16D}.Release|Any CPU.Build.0 = Release|Any CPU
	EndGlobalSection
	GlobalSection(SolutionProperties) = preSolution
		HideSolutionNode = FALSE
	EndGlobalSection
	GlobalSection(ExtensibilityGlobals) = postSolution
		SolutionGuid = {FC11F3F8-1D05-4B8E-96D1-49C754E34D9C}
	EndGlobalSection
EndGlobal
