
Microsoft Visual Studio Solution File, Format Version 12.00
# Visual Studio Version 17
VisualStudioVersion = 17.13.35806.99 d17.13
MinimumVisualStudioVersion = 10.0.40219.1
Project("{FAE04EC0-301F-11D3-BF4B-00C04F79EFBC}") = "Projeto-Album-de-figurinhas", "Projeto-Album-de-figurinhas.csproj", "{82C2666E-4D4D-4F11-B5F7-031448C1658A}"
EndProject
Global
	GlobalSection(SolutionConfigurationPlatforms) = preSolution
		Debug|Any CPU = Debug|Any CPU
		Release|Any CPU = Release|Any CPU
	EndGlobalSection
	GlobalSection(ProjectConfigurationPlatforms) = postSolution
		{82C2666E-4D4D-4F11-B5F7-031448C1658A}.Debug|Any CPU.ActiveCfg = Debug|Any CPU
		{82C2666E-4D4D-4F11-B5F7-031448C1658A}.Debug|Any CPU.Build.0 = Debug|Any CPU
		{82C2666E-4D4D-4F11-B5F7-031448C1658A}.Release|Any CPU.ActiveCfg = Release|Any CPU
		{82C2666E-4D4D-4F11-B5F7-031448C1658A}.Release|Any CPU.Build.0 = Release|Any CPU
	EndGlobalSection
	GlobalSection(SolutionProperties) = preSolution
		HideSolutionNode = FALSE
	EndGlobalSection
	GlobalSection(ExtensibilityGlobals) = postSolution
		SolutionGuid = {C3D73F46-D7DF-4E81-954E-5446F9FF0932}
	EndGlobalSection
EndGlobal
